{
  "name": "Project_3",
  "lockfileVersion": 2,
  "requires": true,
  "packages": {
    "": {
      "dependencies": {
        "ccxt": "^1.41.31"
      }
    },
    "node_modules/ccxt": {
      "version": "1.41.41",
      "resolved": "https://registry.npmjs.org/ccxt/-/ccxt-1.41.41.tgz",
      "integrity": "sha512-Ktwv80EPtUuL6FVz7A3LprCTqgxHSquUiHUnsVafz59XJXg6aAfedWiPlnADrsLYFHj9Ts7NTPfnlWcTZoKj7g==",
      "hasInstallScript": true,
      "engines": {
        "node": ">=7.6.0"
      }
    }
  },
  "dependencies": {
    "ccxt": {
      "version": "1.41.41",
      "resolved": "https://registry.npmjs.org/ccxt/-/ccxt-1.41.41.tgz",
      "integrity": "sha512-Ktwv80EPtUuL6FVz7A3LprCTqgxHSquUiHUnsVafz59XJXg6aAfedWiPlnADrsLYFHj9Ts7NTPfnlWcTZoKj7g=="
    }
  }
}
